
Microsoft Visual Studio Solution File, Format Version 12.00
# Visual Studio Version 17
VisualStudioVersion = 17.13.35825.156 d17.13
MinimumVisualStudioVersion = 10.0.40219.1
Project("{FAE04EC0-301F-11D3-BF4B-00C04F79EFBC}") = "uConsole", "uConsole.csproj", "{7C8879BD-D8A6-453E-A58E-8EC3F52911ED}"
EndProject
Global
	GlobalSection(SolutionConfigurationPlatforms) = preSolution
		Debug|Any CPU = Debug|Any CPU
		Release|Any CPU = Release|Any CPU
	EndGlobalSection
	GlobalSection(ProjectConfigurationPlatforms) = postSolution
		{7C8879BD-D8A6-453E-A58E-8EC3F52911ED}.Debug|Any CPU.ActiveCfg = Debug|Any CPU
		{7C8879BD-D8A6-453E-A58E-8EC3F52911ED}.Debug|Any CPU.Build.0 = Debug|Any CPU
		{7C8879BD-D8A6-453E-A58E-8EC3F52911ED}.Release|Any CPU.ActiveCfg = Release|Any CPU
		{7C8879BD-D8A6-453E-A58E-8EC3F52911ED}.Release|Any CPU.Build.0 = Release|Any CPU
	EndGlobalSection
	GlobalSection(SolutionProperties) = preSolution
		HideSolutionNode = FALSE
	EndGlobalSection
	GlobalSection(ExtensibilityGlobals) = postSolution
		SolutionGuid = {5A147A8F-4B35-4E8A-9A59-51DC38556B1B}
	EndGlobalSection
EndGlobal
